// !$*UTF8*$!
{
	archiveVersion = 1;
	classes = {
	};
	objectVersion = 46;
	objects = {

/* Begin PBXBuildFile section */
		05A8BA827AB352D4A7E8E1C3 /* Pods_MyTank.framework in Frameworks */ = {isa = PBXBuildFile; fileRef = BD9E17183DDF3E9E62B6515E /* Pods_MyTank.framework */; };
		3E25CED91F458CA8009D9A85 /* RouteChoiceController.swift in Sources */ = {isa = PBXBuildFile; fileRef = 3E25CED81F458CA8009D9A85 /* RouteChoiceController.swift */; };
		3E25CEDB1F459232009D9A85 /* Podfile in Resources */ = {isa = PBXBuildFile; fileRef = 3E25CEDA1F459232009D9A85 /* Podfile */; };
		3EAA385E1F08DBDD003F3B87 /* Route.swift in Sources */ = {isa = PBXBuildFile; fileRef = 3EAA385D1F08DBDD003F3B87 /* Route.swift */; };
		3EAA38601F0902C8003F3B87 /* CalculateController.swift in Sources */ = {isa = PBXBuildFile; fileRef = 3EAA385F1F0902C8003F3B87 /* CalculateController.swift */; };
		3ED2D4181F09400B00CAAAFD /* ConfirmationModuleVC.swift in Sources */ = {isa = PBXBuildFile; fileRef = 3ED2D4171F09400B00CAAAFD /* ConfirmationModuleVC.swift */; };
		CE2DE8431F3FEC2B00DDE20A /* EnumCommon.swift in Sources */ = {isa = PBXBuildFile; fileRef = CE2DE8421F3FEC2B00DDE20A /* EnumCommon.swift */; };
		CE2E1D951F023D8E002DE4FA /* ResultsViewController.swift in Sources */ = {isa = PBXBuildFile; fileRef = CE2E1D941F023D8E002DE4FA /* ResultsViewController.swift */; };
		CE32C6711F30B8CB00459A0D /* Model.xcdatamodeld in Sources */ = {isa = PBXBuildFile; fileRef = CE32C66F1F30B8CB00459A0D /* Model.xcdatamodeld */; };
		CE32C6B31F30CC8B00459A0D /* VehicleList.json in Resources */ = {isa = PBXBuildFile; fileRef = CE32C6B21F30CC8B00459A0D /* VehicleList.json */; };
		CE388A6E1F03CEEE002F9DEE /* RouteData.swift in Sources */ = {isa = PBXBuildFile; fileRef = CE388A6D1F03CEEE002F9DEE /* RouteData.swift */; };
		CE388A721F03DA45002F9DEE /* TripStatsModuleVC.swift in Sources */ = {isa = PBXBuildFile; fileRef = CE388A711F03DA45002F9DEE /* TripStatsModuleVC.swift */; };
		CE3DBE721F374E7000C60A3C /* VehicleMakeViewModel.swift in Sources */ = {isa = PBXBuildFile; fileRef = CE3DBE711F374E7000C60A3C /* VehicleMakeViewModel.swift */; };
		CE3DD96A1F41D81000F5CB95 /* CustomSelectorModuleViewController.swift in Sources */ = {isa = PBXBuildFile; fileRef = CE3DD9691F41D81000F5CB95 /* CustomSelectorModuleViewController.swift */; };
		CE3DD96E1F41D8E100F5CB95 /* CustomiseVehicleViewModel.swift in Sources */ = {isa = PBXBuildFile; fileRef = CE3DD96D1F41D8E100F5CB95 /* CustomiseVehicleViewModel.swift */; };
		CE3DD9701F41D98300F5CB95 /* CustomSelectorModuleViewModel.swift in Sources */ = {isa = PBXBuildFile; fileRef = CE3DD96F1F41D98300F5CB95 /* CustomSelectorModuleViewModel.swift */; };
		CE491CC71F47D0E7001B0107 /* Constants.swift in Sources */ = {isa = PBXBuildFile; fileRef = CE491CC61F47D0E7001B0107 /* Constants.swift */; };
		CE491CCE1F486332001B0107 /* ConfirmationViewController.swift in Sources */ = {isa = PBXBuildFile; fileRef = CE491CCD1F486332001B0107 /* ConfirmationViewController.swift */; };
		CE491CD01F486342001B0107 /* ConfirmationViewModel.swift in Sources */ = {isa = PBXBuildFile; fileRef = CE491CCF1F486342001B0107 /* ConfirmationViewModel.swift */; };
		CE491CD41F486382001B0107 /* ResultViewModel.swift in Sources */ = {isa = PBXBuildFile; fileRef = CE491CD31F486382001B0107 /* ResultViewModel.swift */; };
		CE491CD61F486399001B0107 /* ResultViewController.swift in Sources */ = {isa = PBXBuildFile; fileRef = CE491CD51F486399001B0107 /* ResultViewController.swift */; };
		CE7018A61F3EB73A009798BC /* DropdownCell.swift in Sources */ = {isa = PBXBuildFile; fileRef = CE7018A51F3EB73A009798BC /* DropdownCell.swift */; };
		CE7018A81F3EC06A009798BC /* VehicleMakeViewController.swift in Sources */ = {isa = PBXBuildFile; fileRef = CE7018A71F3EC06A009798BC /* VehicleMakeViewController.swift */; };
		CE7018AB1F3EF131009798BC /* VehicleModelViewController.swift in Sources */ = {isa = PBXBuildFile; fileRef = CE7018AA1F3EF131009798BC /* VehicleModelViewController.swift */; };
		CE7018AD1F3EF166009798BC /* VehicleTableViewController.swift in Sources */ = {isa = PBXBuildFile; fileRef = CE7018AC1F3EF166009798BC /* VehicleTableViewController.swift */; };
		CE7018AF1F3EF2A2009798BC /* VehicleModelViewModel.swift in Sources */ = {isa = PBXBuildFile; fileRef = CE7018AE1F3EF2A2009798BC /* VehicleModelViewModel.swift */; };
		CE80426B1F43211E000D9FF0 /* MyTankViewModel.swift in Sources */ = {isa = PBXBuildFile; fileRef = CE80426A1F43211E000D9FF0 /* MyTankViewModel.swift */; };
		CE8081E51F45CA3600ACEC61 /* CustomiseVehicleViewController.swift in Sources */ = {isa = PBXBuildFile; fileRef = CE8081E41F45CA3600ACEC61 /* CustomiseVehicleViewController.swift */; };
		CEA10B851F2F7080007335FA /* libsqlite3.tbd in Frameworks */ = {isa = PBXBuildFile; fileRef = CEA10B841F2F7080007335FA /* libsqlite3.tbd */; };
		CEA494191F0277D200B132C3 /* HomeViewController.swift in Sources */ = {isa = PBXBuildFile; fileRef = CEA494181F0277D200B132C3 /* HomeViewController.swift */; };
		CEA4941C1F02799100B132C3 /* RouteViewController.swift in Sources */ = {isa = PBXBuildFile; fileRef = CEA4941B1F02799100B132C3 /* RouteViewController.swift */; };
		CEA4F3231F447B310054B8C0 /* EnumError.swift in Sources */ = {isa = PBXBuildFile; fileRef = CEA4F3221F447B310054B8C0 /* EnumError.swift */; };
		CEB30F381EFF4C8D008033C2 /* CurrentUserData.swift in Sources */ = {isa = PBXBuildFile; fileRef = CEB30F371EFF4C8D008033C2 /* CurrentUserData.swift */; };
		CEC110D71F0136770007A646 /* VehicleData.swift in Sources */ = {isa = PBXBuildFile; fileRef = CEC110D61F0136770007A646 /* VehicleData.swift */; };
		CEC110D91F0137080007A646 /* VehicleViewController.swift in Sources */ = {isa = PBXBuildFile; fileRef = CEC110D81F0137080007A646 /* VehicleViewController.swift */; };
		CEC110DC1F0148D30007A646 /* Vehicle.swift in Sources */ = {isa = PBXBuildFile; fileRef = CEC110DB1F0148D30007A646 /* Vehicle.swift */; };
		CEC293A11F28CA900096C382 /* Main.storyboard in Resources */ = {isa = PBXBuildFile; fileRef = CEC2939F1F28CA900096C382 /* Main.storyboard */; };
		CEC293A41F28CAA10096C382 /* LaunchScreen.storyboard in Resources */ = {isa = PBXBuildFile; fileRef = CEC293A21F28CAA10096C382 /* LaunchScreen.storyboard */; };
		CEC393301EF9CC800081687F /* AppDelegate.swift in Sources */ = {isa = PBXBuildFile; fileRef = CEC3932F1EF9CC800081687F /* AppDelegate.swift */; };
		CEC393321EF9CC800081687F /* ViewController.swift in Sources */ = {isa = PBXBuildFile; fileRef = CEC393311EF9CC800081687F /* ViewController.swift */; };
		CEC393451EF9CC800081687F /* MyTankTests.swift in Sources */ = {isa = PBXBuildFile; fileRef = CEC393441EF9CC800081687F /* MyTankTests.swift */; };
		CEC393501EF9CC800081687F /* MyTankUITests.swift in Sources */ = {isa = PBXBuildFile; fileRef = CEC3934F1EF9CC800081687F /* MyTankUITests.swift */; };
		CEE318841F2A1B000034147E /* StandardViewBox.swift in Sources */ = {isa = PBXBuildFile; fileRef = CEE318831F2A1B000034147E /* StandardViewBox.swift */; };
		CEEC3CCE1F2E3BCF005180BC /* Assets.xcassets in Resources */ = {isa = PBXBuildFile; fileRef = CEEC3CCD1F2E3BCF005180BC /* Assets.xcassets */; };
		CEFE84261F45E73D002558DD /* HomeModuleViewController.swift in Sources */ = {isa = PBXBuildFile; fileRef = CEFE84251F45E73D002558DD /* HomeModuleViewController.swift */; };
		CEFE84291F45E765002558DD /* HomeModuleViewModel.swift in Sources */ = {isa = PBXBuildFile; fileRef = CEFE84281F45E765002558DD /* HomeModuleViewModel.swift */; };
/* End PBXBuildFile section */

/* Begin PBXContainerItemProxy section */
		CEC393411EF9CC800081687F /* PBXContainerItemProxy */ = {
			isa = PBXContainerItemProxy;
			containerPortal = CEC393241EF9CC800081687F /* Project object */;
			proxyType = 1;
			remoteGlobalIDString = CEC3932B1EF9CC800081687F;
			remoteInfo = "MyTank - Prototype";
		};
		CEC3934C1EF9CC800081687F /* PBXContainerItemProxy */ = {
			isa = PBXContainerItemProxy;
			containerPortal = CEC393241EF9CC800081687F /* Project object */;
			proxyType = 1;
			remoteGlobalIDString = CEC3932B1EF9CC800081687F;
			remoteInfo = "MyTank - Prototype";
		};
/* End PBXContainerItemProxy section */

/* Begin PBXCopyFilesBuildPhase section */
		CE32C66C1F30B03000459A0D /* CopyFiles */ = {
			isa = PBXCopyFilesBuildPhase;
			buildActionMask = 2147483647;
			dstPath = "";
			dstSubfolderSpec = 10;
			files = (
			);
			runOnlyForDeploymentPostprocessing = 0;
		};
/* End PBXCopyFilesBuildPhase section */

/* Begin PBXFileReference section */
		3E25CED81F458CA8009D9A85 /* RouteChoiceController.swift */ = {isa = PBXFileReference; fileEncoding = 4; lastKnownFileType = sourcecode.swift; path = RouteChoiceController.swift; sourceTree = "<group>"; };
		3E25CEDA1F459232009D9A85 /* Podfile */ = {isa = PBXFileReference; fileEncoding = 4; lastKnownFileType = text; path = Podfile; sourceTree = "<group>"; xcLanguageSpecificationIdentifier = xcode.lang.ruby; };
		3EAA385D1F08DBDD003F3B87 /* Route.swift */ = {isa = PBXFileReference; fileEncoding = 4; lastKnownFileType = sourcecode.swift; path = Route.swift; sourceTree = "<group>"; };
		3EAA385F1F0902C8003F3B87 /* CalculateController.swift */ = {isa = PBXFileReference; fileEncoding = 4; lastKnownFileType = sourcecode.swift; path = CalculateController.swift; sourceTree = "<group>"; };
		3ED2D4171F09400B00CAAAFD /* ConfirmationModuleVC.swift */ = {isa = PBXFileReference; fileEncoding = 4; lastKnownFileType = sourcecode.swift; path = ConfirmationModuleVC.swift; sourceTree = "<group>"; };
		71C6A4588B4E634EF59BE9CF /* Pods-MyTank.release.xcconfig */ = {isa = PBXFileReference; includeInIndex = 1; lastKnownFileType = text.xcconfig; name = "Pods-MyTank.release.xcconfig"; path = "Pods/Target Support Files/Pods-MyTank/Pods-MyTank.release.xcconfig"; sourceTree = "<group>"; };
		9D7CF002A5CD0BC78E4A6BE4 /* Pods-MyTank.debug.xcconfig */ = {isa = PBXFileReference; includeInIndex = 1; lastKnownFileType = text.xcconfig; name = "Pods-MyTank.debug.xcconfig"; path = "Pods/Target Support Files/Pods-MyTank/Pods-MyTank.debug.xcconfig"; sourceTree = "<group>"; };
		BD9E17183DDF3E9E62B6515E /* Pods_MyTank.framework */ = {isa = PBXFileReference; explicitFileType = wrapper.framework; includeInIndex = 0; path = Pods_MyTank.framework; sourceTree = BUILT_PRODUCTS_DIR; };
		CE2DE8421F3FEC2B00DDE20A /* EnumCommon.swift */ = {isa = PBXFileReference; fileEncoding = 4; lastKnownFileType = sourcecode.swift; path = EnumCommon.swift; sourceTree = "<group>"; };
		CE2E1D941F023D8E002DE4FA /* ResultsViewController.swift */ = {isa = PBXFileReference; fileEncoding = 4; lastKnownFileType = sourcecode.swift; path = ResultsViewController.swift; sourceTree = "<group>"; };
		CE32C6701F30B8CB00459A0D /* Model.xcdatamodel */ = {isa = PBXFileReference; lastKnownFileType = wrapper.xcdatamodel; path = Model.xcdatamodel; sourceTree = "<group>"; };
		CE32C6B21F30CC8B00459A0D /* VehicleList.json */ = {isa = PBXFileReference; fileEncoding = 4; lastKnownFileType = text.json; path = VehicleList.json; sourceTree = "<group>"; };
		CE388A6D1F03CEEE002F9DEE /* RouteData.swift */ = {isa = PBXFileReference; fileEncoding = 4; lastKnownFileType = sourcecode.swift; path = RouteData.swift; sourceTree = "<group>"; };
		CE388A711F03DA45002F9DEE /* TripStatsModuleVC.swift */ = {isa = PBXFileReference; fileEncoding = 4; lastKnownFileType = sourcecode.swift; path = TripStatsModuleVC.swift; sourceTree = "<group>"; };
		CE3DBE711F374E7000C60A3C /* VehicleMakeViewModel.swift */ = {isa = PBXFileReference; fileEncoding = 4; lastKnownFileType = sourcecode.swift; path = VehicleMakeViewModel.swift; sourceTree = "<group>"; };
		CE3DD9691F41D81000F5CB95 /* CustomSelectorModuleViewController.swift */ = {isa = PBXFileReference; fileEncoding = 4; lastKnownFileType = sourcecode.swift; path = CustomSelectorModuleViewController.swift; sourceTree = "<group>"; };
		CE3DD96D1F41D8E100F5CB95 /* CustomiseVehicleViewModel.swift */ = {isa = PBXFileReference; fileEncoding = 4; lastKnownFileType = sourcecode.swift; path = CustomiseVehicleViewModel.swift; sourceTree = "<group>"; };
		CE3DD96F1F41D98300F5CB95 /* CustomSelectorModuleViewModel.swift */ = {isa = PBXFileReference; fileEncoding = 4; lastKnownFileType = sourcecode.swift; path = CustomSelectorModuleViewModel.swift; sourceTree = "<group>"; };
		CE491CC61F47D0E7001B0107 /* Constants.swift */ = {isa = PBXFileReference; fileEncoding = 4; lastKnownFileType = sourcecode.swift; path = Constants.swift; sourceTree = "<group>"; };
		CE491CCD1F486332001B0107 /* ConfirmationViewController.swift */ = {isa = PBXFileReference; fileEncoding = 4; lastKnownFileType = sourcecode.swift; path = ConfirmationViewController.swift; sourceTree = "<group>"; };
		CE491CCF1F486342001B0107 /* ConfirmationViewModel.swift */ = {isa = PBXFileReference; fileEncoding = 4; lastKnownFileType = sourcecode.swift; path = ConfirmationViewModel.swift; sourceTree = "<group>"; };
		CE491CD31F486382001B0107 /* ResultViewModel.swift */ = {isa = PBXFileReference; fileEncoding = 4; lastKnownFileType = sourcecode.swift; path = ResultViewModel.swift; sourceTree = "<group>"; };
		CE491CD51F486399001B0107 /* ResultViewController.swift */ = {isa = PBXFileReference; fileEncoding = 4; lastKnownFileType = sourcecode.swift; path = ResultViewController.swift; sourceTree = "<group>"; };
		CE7018A51F3EB73A009798BC /* DropdownCell.swift */ = {isa = PBXFileReference; fileEncoding = 4; lastKnownFileType = sourcecode.swift; path = DropdownCell.swift; sourceTree = "<group>"; };
		CE7018A71F3EC06A009798BC /* VehicleMakeViewController.swift */ = {isa = PBXFileReference; fileEncoding = 4; lastKnownFileType = sourcecode.swift; path = VehicleMakeViewController.swift; sourceTree = "<group>"; };
		CE7018AA1F3EF131009798BC /* VehicleModelViewController.swift */ = {isa = PBXFileReference; fileEncoding = 4; lastKnownFileType = sourcecode.swift; path = VehicleModelViewController.swift; sourceTree = "<group>"; };
		CE7018AC1F3EF166009798BC /* VehicleTableViewController.swift */ = {isa = PBXFileReference; fileEncoding = 4; lastKnownFileType = sourcecode.swift; path = VehicleTableViewController.swift; sourceTree = "<group>"; };
		CE7018AE1F3EF2A2009798BC /* VehicleModelViewModel.swift */ = {isa = PBXFileReference; fileEncoding = 4; lastKnownFileType = sourcecode.swift; path = VehicleModelViewModel.swift; sourceTree = "<group>"; };
		CE80426A1F43211E000D9FF0 /* MyTankViewModel.swift */ = {isa = PBXFileReference; fileEncoding = 4; lastKnownFileType = sourcecode.swift; path = MyTankViewModel.swift; sourceTree = "<group>"; };
		CE8081E41F45CA3600ACEC61 /* CustomiseVehicleViewController.swift */ = {isa = PBXFileReference; fileEncoding = 4; lastKnownFileType = sourcecode.swift; path = CustomiseVehicleViewController.swift; sourceTree = "<group>"; };
		CEA10B841F2F7080007335FA /* libsqlite3.tbd */ = {isa = PBXFileReference; lastKnownFileType = "sourcecode.text-based-dylib-definition"; name = libsqlite3.tbd; path = usr/lib/libsqlite3.tbd; sourceTree = SDKROOT; };
		CEA494181F0277D200B132C3 /* HomeViewController.swift */ = {isa = PBXFileReference; fileEncoding = 4; lastKnownFileType = sourcecode.swift; path = HomeViewController.swift; sourceTree = "<group>"; };
		CEA4941B1F02799100B132C3 /* RouteViewController.swift */ = {isa = PBXFileReference; fileEncoding = 4; lastKnownFileType = sourcecode.swift; path = RouteViewController.swift; sourceTree = "<group>"; };
		CEA4F3221F447B310054B8C0 /* EnumError.swift */ = {isa = PBXFileReference; fileEncoding = 4; lastKnownFileType = sourcecode.swift; path = EnumError.swift; sourceTree = "<group>"; };
		CEB30F371EFF4C8D008033C2 /* CurrentUserData.swift */ = {isa = PBXFileReference; fileEncoding = 4; lastKnownFileType = sourcecode.swift; path = CurrentUserData.swift; sourceTree = "<group>"; };
		CEC110D61F0136770007A646 /* VehicleData.swift */ = {isa = PBXFileReference; fileEncoding = 4; lastKnownFileType = sourcecode.swift; path = VehicleData.swift; sourceTree = "<group>"; };
		CEC110D81F0137080007A646 /* VehicleViewController.swift */ = {isa = PBXFileReference; fileEncoding = 4; lastKnownFileType = sourcecode.swift; path = VehicleViewController.swift; sourceTree = "<group>"; };
		CEC110DB1F0148D30007A646 /* Vehicle.swift */ = {isa = PBXFileReference; fileEncoding = 4; lastKnownFileType = sourcecode.swift; path = Vehicle.swift; sourceTree = "<group>"; };
		CEC293A01F28CA900096C382 /* Base */ = {isa = PBXFileReference; lastKnownFileType = file.storyboard; name = Base; path = Base.lproj/Main.storyboard; sourceTree = "<group>"; };
		CEC293A31F28CAA10096C382 /* Base */ = {isa = PBXFileReference; lastKnownFileType = file.storyboard; name = Base; path = Base.lproj/LaunchScreen.storyboard; sourceTree = "<group>"; };
		CEC293A51F28CCF10096C382 /* MyTank.app */ = {isa = PBXFileReference; explicitFileType = wrapper.application; includeInIndex = 0; path = MyTank.app; sourceTree = BUILT_PRODUCTS_DIR; };
		CEC3932F1EF9CC800081687F /* AppDelegate.swift */ = {isa = PBXFileReference; lastKnownFileType = sourcecode.swift; path = AppDelegate.swift; sourceTree = "<group>"; };
		CEC393311EF9CC800081687F /* ViewController.swift */ = {isa = PBXFileReference; lastKnownFileType = sourcecode.swift; path = ViewController.swift; sourceTree = "<group>"; };
		CEC3933B1EF9CC800081687F /* Info.plist */ = {isa = PBXFileReference; lastKnownFileType = text.plist.xml; path = Info.plist; sourceTree = "<group>"; };
		CEC393441EF9CC800081687F /* MyTankTests.swift */ = {isa = PBXFileReference; lastKnownFileType = sourcecode.swift; path = MyTankTests.swift; sourceTree = "<group>"; };
		CEC393461EF9CC800081687F /* Info.plist */ = {isa = PBXFileReference; lastKnownFileType = text.plist.xml; path = Info.plist; sourceTree = "<group>"; };
		CEC3934F1EF9CC800081687F /* MyTankUITests.swift */ = {isa = PBXFileReference; lastKnownFileType = sourcecode.swift; path = MyTankUITests.swift; sourceTree = "<group>"; };
		CEC393511EF9CC800081687F /* Info.plist */ = {isa = PBXFileReference; lastKnownFileType = text.plist.xml; path = Info.plist; sourceTree = "<group>"; };
		CEE318801F2A0DFB0034147E /* MyTankTests.xctest */ = {isa = PBXFileReference; explicitFileType = wrapper.cfbundle; includeInIndex = 0; path = MyTankTests.xctest; sourceTree = BUILT_PRODUCTS_DIR; };
		CEE318811F2A0DFB0034147E /* MyTankUITests.xctest */ = {isa = PBXFileReference; explicitFileType = wrapper.cfbundle; includeInIndex = 0; path = MyTankUITests.xctest; sourceTree = BUILT_PRODUCTS_DIR; };
		CEE318831F2A1B000034147E /* StandardViewBox.swift */ = {isa = PBXFileReference; fileEncoding = 4; lastKnownFileType = sourcecode.swift; path = StandardViewBox.swift; sourceTree = "<group>"; };
		CEEC3CCD1F2E3BCF005180BC /* Assets.xcassets */ = {isa = PBXFileReference; lastKnownFileType = folder.assetcatalog; path = Assets.xcassets; sourceTree = "<group>"; };
		CEFE84251F45E73D002558DD /* HomeModuleViewController.swift */ = {isa = PBXFileReference; fileEncoding = 4; lastKnownFileType = sourcecode.swift; path = HomeModuleViewController.swift; sourceTree = "<group>"; };
		CEFE84281F45E765002558DD /* HomeModuleViewModel.swift */ = {isa = PBXFileReference; fileEncoding = 4; lastKnownFileType = sourcecode.swift; path = HomeModuleViewModel.swift; sourceTree = "<group>"; };
/* End PBXFileReference section */

/* Begin PBXFrameworksBuildPhase section */
		CEC393291EF9CC800081687F /* Frameworks */ = {
			isa = PBXFrameworksBuildPhase;
			buildActionMask = 2147483647;
			files = (
				CEA10B851F2F7080007335FA /* libsqlite3.tbd in Frameworks */,
				05A8BA827AB352D4A7E8E1C3 /* Pods_MyTank.framework in Frameworks */,
			);
			runOnlyForDeploymentPostprocessing = 0;
		};
		CEC3933D1EF9CC800081687F /* Frameworks */ = {
			isa = PBXFrameworksBuildPhase;
			buildActionMask = 2147483647;
			files = (
			);
			runOnlyForDeploymentPostprocessing = 0;
		};
		CEC393481EF9CC800081687F /* Frameworks */ = {
			isa = PBXFrameworksBuildPhase;
			buildActionMask = 2147483647;
			files = (
			);
			runOnlyForDeploymentPostprocessing = 0;
		};
/* End PBXFrameworksBuildPhase section */

/* Begin PBXGroup section */
		0D769FD06DD3E5A524537F7A /* Pods */ = {
			isa = PBXGroup;
			children = (
				9D7CF002A5CD0BC78E4A6BE4 /* Pods-MyTank.debug.xcconfig */,
				71C6A4588B4E634EF59BE9CF /* Pods-MyTank.release.xcconfig */,
			);
			name = Pods;
			sourceTree = "<group>";
		};
		3E25CED51F4578AE009D9A85 /* RouteChoice */ = {
			isa = PBXGroup;
			children = (
				3E25CED81F458CA8009D9A85 /* RouteChoiceController.swift */,
			);
			name = RouteChoice;
			sourceTree = "<group>";
		};
		CE32C6B11F30CC4100459A0D /* JSON */ = {
			isa = PBXGroup;
			children = (
				CE32C6B21F30CC8B00459A0D /* VehicleList.json */,
			);
			name = JSON;
			sourceTree = "<group>";
		};
		CE3DBE701F374D4A00C60A3C /* View Model */ = {
			isa = PBXGroup;
			children = (
				CE80426A1F43211E000D9FF0 /* MyTankViewModel.swift */,
				CEFE84271F45E748002558DD /* Home */,
				CE491CCA1F48624A001B0107 /* RouteChoice */,
				CE491CCC1F4862FD001B0107 /* ConfirmationScreen */,
				CE491CD21F48636D001B0107 /* ReulstsView */,
				CE3DD9681F41D7DC00F5CB95 /* VehicleCustomiser */,
				CE3DD9661F41D78D00F5CB95 /* VehicleTableView */,
			);
			name = "View Model";
			sourceTree = "<group>";
		};
		CE3DD9651F41D77600F5CB95 /* VehicleTableView */ = {
			isa = PBXGroup;
			children = (
				CE7018AC1F3EF166009798BC /* VehicleTableViewController.swift */,
				CE7018A71F3EC06A009798BC /* VehicleMakeViewController.swift */,
				CE7018AA1F3EF131009798BC /* VehicleModelViewController.swift */,
			);
			name = VehicleTableView;
			sourceTree = "<group>";
		};
		CE3DD9661F41D78D00F5CB95 /* VehicleTableView */ = {
			isa = PBXGroup;
			children = (
				CE3DBE711F374E7000C60A3C /* VehicleMakeViewModel.swift */,
				CE7018AE1F3EF2A2009798BC /* VehicleModelViewModel.swift */,
			);
			name = VehicleTableView;
			sourceTree = "<group>";
		};
		CE3DD9671F41D7CB00F5CB95 /* VehicleCustomiser */ = {
			isa = PBXGroup;
			children = (
				CE8081E41F45CA3600ACEC61 /* CustomiseVehicleViewController.swift */,
				CE3DD9691F41D81000F5CB95 /* CustomSelectorModuleViewController.swift */,
			);
			name = VehicleCustomiser;
			sourceTree = "<group>";
		};
		CE3DD9681F41D7DC00F5CB95 /* VehicleCustomiser */ = {
			isa = PBXGroup;
			children = (
				CE3DD96D1F41D8E100F5CB95 /* CustomiseVehicleViewModel.swift */,
				CE3DD96F1F41D98300F5CB95 /* CustomSelectorModuleViewModel.swift */,
			);
			name = VehicleCustomiser;
			sourceTree = "<group>";
		};
		CE491CCA1F48624A001B0107 /* RouteChoice */ = {
			isa = PBXGroup;
			children = (
			);
			name = RouteChoice;
			sourceTree = "<group>";
		};
		CE491CCB1F4862BD001B0107 /* ConfirmationScreen */ = {
			isa = PBXGroup;
			children = (
				CE491CCD1F486332001B0107 /* ConfirmationViewController.swift */,
			);
			name = ConfirmationScreen;
			sourceTree = "<group>";
		};
		CE491CCC1F4862FD001B0107 /* ConfirmationScreen */ = {
			isa = PBXGroup;
			children = (
				CE491CCF1F486342001B0107 /* ConfirmationViewModel.swift */,
			);
			name = ConfirmationScreen;
			sourceTree = "<group>";
		};
		CE491CD11F486360001B0107 /* ResultsView */ = {
			isa = PBXGroup;
			children = (
				CE491CD51F486399001B0107 /* ResultViewController.swift */,
			);
			name = ResultsView;
			sourceTree = "<group>";
		};
		CE491CD21F48636D001B0107 /* ReulstsView */ = {
			isa = PBXGroup;
			children = (
				CE491CD31F486382001B0107 /* ResultViewModel.swift */,
			);
			name = ReulstsView;
			sourceTree = "<group>";
		};
		CE7018A91F3EEFF0009798BC /* View Controller (New) */ = {
			isa = PBXGroup;
			children = (
				CEFE84241F45E631002558DD /* Home */,
				3E25CED51F4578AE009D9A85 /* RouteChoice */,
				CE491CCB1F4862BD001B0107 /* ConfirmationScreen */,
				CE491CD11F486360001B0107 /* ResultsView */,
				CE3DD9671F41D7CB00F5CB95 /* VehicleCustomiser */,
				CE3DD9651F41D77600F5CB95 /* VehicleTableView */,
			);
			name = "View Controller (New)";
			sourceTree = "<group>";
		};
		CEA10B831F2F7080007335FA /* Frameworks */ = {
			isa = PBXGroup;
			children = (
				CEA10B841F2F7080007335FA /* libsqlite3.tbd */,
				BD9E17183DDF3E9E62B6515E /* Pods_MyTank.framework */,
			);
			name = Frameworks;
			sourceTree = "<group>";
		};
		CEA4941A1F02794400B132C3 /* Module View Controllers */ = {
			isa = PBXGroup;
			children = (
				CE7018A51F3EB73A009798BC /* DropdownCell.swift */,
				CE388A711F03DA45002F9DEE /* TripStatsModuleVC.swift */,
				3ED2D4171F09400B00CAAAFD /* ConfirmationModuleVC.swift */,
			);
			name = "Module View Controllers";
			sourceTree = "<group>";
		};
		CEC110DA1F0148880007A646 /* Data Structure (TBR!) */ = {
			isa = PBXGroup;
			children = (
				CEC110DB1F0148D30007A646 /* Vehicle.swift */,
				3EAA385D1F08DBDD003F3B87 /* Route.swift */,
			);
			name = "Data Structure (TBR!)";
			sourceTree = "<group>";
		};
		CEC393231EF9CC800081687F = {
			isa = PBXGroup;
			children = (
				3E25CEDA1F459232009D9A85 /* Podfile */,
				CEC3932E1EF9CC800081687F /* MyTank */,
				CEC393431EF9CC800081687F /* MyTankTests */,
				CEC3934E1EF9CC800081687F /* MyTankUITests */,
				CEC293A51F28CCF10096C382 /* MyTank.app */,
				CEE318801F2A0DFB0034147E /* MyTankTests.xctest */,
				CEE318811F2A0DFB0034147E /* MyTankUITests.xctest */,
				CEA10B831F2F7080007335FA /* Frameworks */,
				0D769FD06DD3E5A524537F7A /* Pods */,
			);
			sourceTree = "<group>";
		};
		CEC3932E1EF9CC800081687F /* MyTank */ = {
			isa = PBXGroup;
			children = (
				CEEC3CCD1F2E3BCF005180BC /* Assets.xcassets */,
				CEC3932F1EF9CC800081687F /* AppDelegate.swift */,
				CEC3933B1EF9CC800081687F /* Info.plist */,
				CEC3935F1EF9CC8B0081687F /* Model */,
				CE3DBE701F374D4A00C60A3C /* View Model */,
				CE7018A91F3EEFF0009798BC /* View Controller (New) */,
				CEC393611EF9CCAD0081687F /* View Controller (TO Remove) */,
				CEC393601EF9CCA70081687F /* View */,
				CE32C6B11F30CC4100459A0D /* JSON */,
			);
			path = MyTank;
			sourceTree = "<group>";
		};
		CEC393431EF9CC800081687F /* MyTankTests */ = {
			isa = PBXGroup;
			children = (
				CEC393441EF9CC800081687F /* MyTankTests.swift */,
				CEC393461EF9CC800081687F /* Info.plist */,
			);
			path = MyTankTests;
			sourceTree = "<group>";
		};
		CEC3934E1EF9CC800081687F /* MyTankUITests */ = {
			isa = PBXGroup;
			children = (
				CEC3934F1EF9CC800081687F /* MyTankUITests.swift */,
				CEC393511EF9CC800081687F /* Info.plist */,
			);
			path = MyTankUITests;
			sourceTree = "<group>";
		};
		CEC3935F1EF9CC8B0081687F /* Model */ = {
			isa = PBXGroup;
			children = (
				CE32C66F1F30B8CB00459A0D /* Model.xcdatamodeld */,
				CE491CC61F47D0E7001B0107 /* Constants.swift */,
				CE2DE8421F3FEC2B00DDE20A /* EnumCommon.swift */,
				CEA4F3221F447B310054B8C0 /* EnumError.swift */,
				CEC110DA1F0148880007A646 /* Data Structure (TBR!) */,
				CEB30F371EFF4C8D008033C2 /* CurrentUserData.swift */,
				CE388A6D1F03CEEE002F9DEE /* RouteData.swift */,
				CEC110D61F0136770007A646 /* VehicleData.swift */,
			);
			name = Model;
			sourceTree = "<group>";
		};
		CEC393601EF9CCA70081687F /* View */ = {
			isa = PBXGroup;
			children = (
				CEE318821F2A1AD40034147E /* CustomUI */,
				CEC293A21F28CAA10096C382 /* LaunchScreen.storyboard */,
				CEC2939F1F28CA900096C382 /* Main.storyboard */,
			);
			name = View;
			sourceTree = "<group>";
		};
		CEC393611EF9CCAD0081687F /* View Controller (TO Remove) */ = {
			isa = PBXGroup;
			children = (
				CEA4941A1F02794400B132C3 /* Module View Controllers */,
				3EAA385F1F0902C8003F3B87 /* CalculateController.swift */,
				CE2E1D941F023D8E002DE4FA /* ResultsViewController.swift */,
				CEA4941B1F02799100B132C3 /* RouteViewController.swift */,
				CEC393311EF9CC800081687F /* ViewController.swift */,
				CEC110D81F0137080007A646 /* VehicleViewController.swift */,
			);
			name = "View Controller (TO Remove)";
			sourceTree = "<group>";
		};
		CEE318821F2A1AD40034147E /* CustomUI */ = {
			isa = PBXGroup;
			children = (
				CEE318831F2A1B000034147E /* StandardViewBox.swift */,
			);
			name = CustomUI;
			sourceTree = "<group>";
		};
		CEFE84241F45E631002558DD /* Home */ = {
			isa = PBXGroup;
			children = (
				CEA494181F0277D200B132C3 /* HomeViewController.swift */,
				CEFE84251F45E73D002558DD /* HomeModuleViewController.swift */,
			);
			name = Home;
			sourceTree = "<group>";
		};
		CEFE84271F45E748002558DD /* Home */ = {
			isa = PBXGroup;
			children = (
				CEFE84281F45E765002558DD /* HomeModuleViewModel.swift */,
			);
			name = Home;
			sourceTree = "<group>";
		};
/* End PBXGroup section */

/* Begin PBXNativeTarget section */
		CEC3932B1EF9CC800081687F /* MyTank */ = {
			isa = PBXNativeTarget;
			buildConfigurationList = CEC393541EF9CC800081687F /* Build configuration list for PBXNativeTarget "MyTank" */;
			buildPhases = (
				4FE625115EE74E0B620E236E /* [CP] Check Pods Manifest.lock */,
				CEC393281EF9CC800081687F /* Sources */,
				CEC393291EF9CC800081687F /* Frameworks */,
				CEC3932A1EF9CC800081687F /* Resources */,
				CE32C66C1F30B03000459A0D /* CopyFiles */,
				B1D677F910941BED61F03D0F /* [CP] Embed Pods Frameworks */,
				D162E146E60D95279233C309 /* [CP] Copy Pods Resources */,
			);
			buildRules = (
			);
			dependencies = (
			);
			name = MyTank;
			productName = "MyTank - Prototype";
			productReference = CEC293A51F28CCF10096C382 /* MyTank.app */;
			productType = "com.apple.product-type.application";
		};
		CEC3933F1EF9CC800081687F /* MyTankTests */ = {
			isa = PBXNativeTarget;
			buildConfigurationList = CEC393571EF9CC800081687F /* Build configuration list for PBXNativeTarget "MyTankTests" */;
			buildPhases = (
				CEC3933C1EF9CC800081687F /* Sources */,
				CEC3933D1EF9CC800081687F /* Frameworks */,
				CEC3933E1EF9CC800081687F /* Resources */,
			);
			buildRules = (
			);
			dependencies = (
				CEC393421EF9CC800081687F /* PBXTargetDependency */,
			);
			name = MyTankTests;
			productName = "MyTank - PrototypeTests";
			productReference = CEE318801F2A0DFB0034147E /* MyTankTests.xctest */;
			productType = "com.apple.product-type.bundle.unit-test";
		};
		CEC3934A1EF9CC800081687F /* MyTankUITests */ = {
			isa = PBXNativeTarget;
			buildConfigurationList = CEC3935A1EF9CC800081687F /* Build configuration list for PBXNativeTarget "MyTankUITests" */;
			buildPhases = (
				CEC393471EF9CC800081687F /* Sources */,
				CEC393481EF9CC800081687F /* Frameworks */,
				CEC393491EF9CC800081687F /* Resources */,
			);
			buildRules = (
			);
			dependencies = (
				CEC3934D1EF9CC800081687F /* PBXTargetDependency */,
			);
			name = MyTankUITests;
			productName = "MyTank - PrototypeUITests";
			productReference = CEE318811F2A0DFB0034147E /* MyTankUITests.xctest */;
			productType = "com.apple.product-type.bundle.ui-testing";
		};
/* End PBXNativeTarget section */

/* Begin PBXProject section */
		CEC393241EF9CC800081687F /* Project object */ = {
			isa = PBXProject;
			attributes = {
				LastSwiftUpdateCheck = 0820;
				LastUpgradeCheck = 0830;
				ORGANIZATIONNAME = CPT224;
				TargetAttributes = {
					CEC3932B1EF9CC800081687F = {
						CreatedOnToolsVersion = 8.2.1;
						ProvisioningStyle = Automatic;
					};
					CEC3933F1EF9CC800081687F = {
						CreatedOnToolsVersion = 8.2.1;
						ProvisioningStyle = Automatic;
						TestTargetID = CEC3932B1EF9CC800081687F;
					};
					CEC3934A1EF9CC800081687F = {
						CreatedOnToolsVersion = 8.2.1;
						ProvisioningStyle = Automatic;
						TestTargetID = CEC3932B1EF9CC800081687F;
					};
				};
			};
			buildConfigurationList = CEC393271EF9CC800081687F /* Build configuration list for PBXProject "MyTank" */;
			compatibilityVersion = "Xcode 3.2";
			developmentRegion = English;
			hasScannedForEncodings = 0;
			knownRegions = (
				en,
				Base,
			);
			mainGroup = CEC393231EF9CC800081687F;
			productRefGroup = CEC393231EF9CC800081687F;
			projectDirPath = "";
			projectRoot = "";
			targets = (
				CEC3932B1EF9CC800081687F /* MyTank */,
				CEC3933F1EF9CC800081687F /* MyTankTests */,
				CEC3934A1EF9CC800081687F /* MyTankUITests */,
			);
		};
/* End PBXProject section */

/* Begin PBXResourcesBuildPhase section */
		CEC3932A1EF9CC800081687F /* Resources */ = {
			isa = PBXResourcesBuildPhase;
			buildActionMask = 2147483647;
			files = (
				3E25CEDB1F459232009D9A85 /* Podfile in Resources */,
				CE32C6B31F30CC8B00459A0D /* VehicleList.json in Resources */,
				CEC293A41F28CAA10096C382 /* LaunchScreen.storyboard in Resources */,
				CEEC3CCE1F2E3BCF005180BC /* Assets.xcassets in Resources */,
				CEC293A11F28CA900096C382 /* Main.storyboard in Resources */,
			);
			runOnlyForDeploymentPostprocessing = 0;
		};
		CEC3933E1EF9CC800081687F /* Resources */ = {
			isa = PBXResourcesBuildPhase;
			buildActionMask = 2147483647;
			files = (
			);
			runOnlyForDeploymentPostprocessing = 0;
		};
		CEC393491EF9CC800081687F /* Resources */ = {
			isa = PBXResourcesBuildPhase;
			buildActionMask = 2147483647;
			files = (
			);
			runOnlyForDeploymentPostprocessing = 0;
		};
/* End PBXResourcesBuildPhase section */

/* Begin PBXShellScriptBuildPhase section */
		4FE625115EE74E0B620E236E /* [CP] Check Pods Manifest.lock */ = {
			isa = PBXShellScriptBuildPhase;
			buildActionMask = 2147483647;
			files = (
			);
			inputPaths = (
				"${PODS_PODFILE_DIR_PATH}/Podfile.lock",
				"${PODS_ROOT}/Manifest.lock",
			);
			name = "[CP] Check Pods Manifest.lock";
			outputPaths = (
				"$(DERIVED_FILE_DIR)/Pods-MyTank-checkManifestLockResult.txt",
			);
			runOnlyForDeploymentPostprocessing = 0;
			shellPath = /bin/sh;
			shellScript = "diff \"${PODS_PODFILE_DIR_PATH}/Podfile.lock\" \"${PODS_ROOT}/Manifest.lock\" > /dev/null\nif [ $? != 0 ] ; then\n    # print error to STDERR\n    echo \"error: The sandbox is not in sync with the Podfile.lock. Run 'pod install' or update your CocoaPods installation.\" >&2\n    exit 1\nfi\n# This output is used by Xcode 'outputs' to avoid re-running this script phase.\necho \"SUCCESS\" > \"${SCRIPT_OUTPUT_FILE_0}\"\n";
			showEnvVarsInLog = 0;
		};
		B1D677F910941BED61F03D0F /* [CP] Embed Pods Frameworks */ = {
			isa = PBXShellScriptBuildPhase;
			buildActionMask = 2147483647;
			files = (
			);
			inputPaths = (
				"${SRCROOT}/Pods/Target Support Files/Pods-MyTank/Pods-MyTank-frameworks.sh",
				"${BUILT_PRODUCTS_DIR}/Alamofire/Alamofire.framework",
				"${BUILT_PRODUCTS_DIR}/GooglePlacesAPI/GooglePlacesAPI.framework",
				"${BUILT_PRODUCTS_DIR}/ObjectMapper/ObjectMapper.framework",
				"${BUILT_PRODUCTS_DIR}/SwiftyJSON/SwiftyJSON.framework",
			);
			name = "[CP] Embed Pods Frameworks";
			outputPaths = (
				"${TARGET_BUILD_DIR}/${FRAMEWORKS_FOLDER_PATH}/Alamofire.framework",
				"${TARGET_BUILD_DIR}/${FRAMEWORKS_FOLDER_PATH}/GooglePlacesAPI.framework",
				"${TARGET_BUILD_DIR}/${FRAMEWORKS_FOLDER_PATH}/ObjectMapper.framework",
				"${TARGET_BUILD_DIR}/${FRAMEWORKS_FOLDER_PATH}/SwiftyJSON.framework",
			);
			runOnlyForDeploymentPostprocessing = 0;
			shellPath = /bin/sh;
			shellScript = "\"${SRCROOT}/Pods/Target Support Files/Pods-MyTank/Pods-MyTank-frameworks.sh\"\n";
			showEnvVarsInLog = 0;
		};
		D162E146E60D95279233C309 /* [CP] Copy Pods Resources */ = {
			isa = PBXShellScriptBuildPhase;
			buildActionMask = 2147483647;
			files = (
			);
			inputPaths = (
				"${SRCROOT}/Pods/Target Support Files/Pods-MyTank/Pods-MyTank-resources.sh",
				"${PODS_ROOT}/GoogleMaps/Maps/Frameworks/GoogleMaps.framework/Resources/GoogleMaps.bundle",
				"${PODS_ROOT}/GooglePlaces/Frameworks/GooglePlaces.framework/Resources/GooglePlaces.bundle",
			);
			name = "[CP] Copy Pods Resources";
			outputPaths = (
				"${TARGET_BUILD_DIR}/${UNLOCALIZED_RESOURCES_FOLDER_PATH}",
			);
			runOnlyForDeploymentPostprocessing = 0;
			shellPath = /bin/sh;
			shellScript = "\"${SRCROOT}/Pods/Target Support Files/Pods-MyTank/Pods-MyTank-resources.sh\"\n";
			showEnvVarsInLog = 0;
		};
/* End PBXShellScriptBuildPhase section */

/* Begin PBXSourcesBuildPhase section */
		CEC393281EF9CC800081687F /* Sources */ = {
			isa = PBXSourcesBuildPhase;
			buildActionMask = 2147483647;
			files = (
				3EAA38601F0902C8003F3B87 /* CalculateController.swift in Sources */,
				CE2DE8431F3FEC2B00DDE20A /* EnumCommon.swift in Sources */,
				CE491CCE1F486332001B0107 /* ConfirmationViewController.swift in Sources */,
				CE3DD96E1F41D8E100F5CB95 /* CustomiseVehicleViewModel.swift in Sources */,
				CE3DD96A1F41D81000F5CB95 /* CustomSelectorModuleViewController.swift in Sources */,
				CEC110DC1F0148D30007A646 /* Vehicle.swift in Sources */,
				CE3DBE721F374E7000C60A3C /* VehicleMakeViewModel.swift in Sources */,
				CE7018AF1F3EF2A2009798BC /* VehicleModelViewModel.swift in Sources */,
				3ED2D4181F09400B00CAAAFD /* ConfirmationModuleVC.swift in Sources */,
				CE7018AD1F3EF166009798BC /* VehicleTableViewController.swift in Sources */,
				CEC110D91F0137080007A646 /* VehicleViewController.swift in Sources */,
				CE32C6711F30B8CB00459A0D /* Model.xcdatamodeld in Sources */,
				CEE318841F2A1B000034147E /* StandardViewBox.swift in Sources */,
				CEC393321EF9CC800081687F /* ViewController.swift in Sources */,
				CE3DD9701F41D98300F5CB95 /* CustomSelectorModuleViewModel.swift in Sources */,
				CE491CD01F486342001B0107 /* ConfirmationViewModel.swift in Sources */,
				CEFE84291F45E765002558DD /* HomeModuleViewModel.swift in Sources */,
				3EAA385E1F08DBDD003F3B87 /* Route.swift in Sources */,
				CEC110D71F0136770007A646 /* VehicleData.swift in Sources */,
				CE491CD41F486382001B0107 /* ResultViewModel.swift in Sources */,
				CEA494191F0277D200B132C3 /* HomeViewController.swift in Sources */,
				CEFE84261F45E73D002558DD /* HomeModuleViewController.swift in Sources */,
				CE7018AB1F3EF131009798BC /* VehicleModelViewController.swift in Sources */,
				CEB30F381EFF4C8D008033C2 /* CurrentUserData.swift in Sources */,
				CE80426B1F43211E000D9FF0 /* MyTankViewModel.swift in Sources */,
				CE491CC71F47D0E7001B0107 /* Constants.swift in Sources */,
				CE7018A81F3EC06A009798BC /* VehicleMakeViewController.swift in Sources */,
				CE7018A61F3EB73A009798BC /* DropdownCell.swift in Sources */,
				CEC393301EF9CC800081687F /* AppDelegate.swift in Sources */,
				CE388A6E1F03CEEE002F9DEE /* RouteData.swift in Sources */,
				CEA4941C1F02799100B132C3 /* RouteViewController.swift in Sources */,
				CEA4F3231F447B310054B8C0 /* EnumError.swift in Sources */,
				CE2E1D951F023D8E002DE4FA /* ResultsViewController.swift in Sources */,
				CE8081E51F45CA3600ACEC61 /* CustomiseVehicleViewController.swift in Sources */,
				3E25CED91F458CA8009D9A85 /* RouteChoiceController.swift in Sources */,
				CE388A721F03DA45002F9DEE /* TripStatsModuleVC.swift in Sources */,
				CE491CD61F486399001B0107 /* ResultViewController.swift in Sources */,
			);
			runOnlyForDeploymentPostprocessing = 0;
		};
		CEC3933C1EF9CC800081687F /* Sources */ = {
			isa = PBXSourcesBuildPhase;
			buildActionMask = 2147483647;
			files = (
				CEC393451EF9CC800081687F /* MyTankTests.swift in Sources */,
			);
			runOnlyForDeploymentPostprocessing = 0;
		};
		CEC393471EF9CC800081687F /* Sources */ = {
			isa = PBXSourcesBuildPhase;
			buildActionMask = 2147483647;
			files = (
				CEC393501EF9CC800081687F /* MyTankUITests.swift in Sources */,
			);
			runOnlyForDeploymentPostprocessing = 0;
		};
/* End PBXSourcesBuildPhase section */

/* Begin PBXTargetDependency section */
		CEC393421EF9CC800081687F /* PBXTargetDependency */ = {
			isa = PBXTargetDependency;
			target = CEC3932B1EF9CC800081687F /* MyTank */;
			targetProxy = CEC393411EF9CC800081687F /* PBXContainerItemProxy */;
		};
		CEC3934D1EF9CC800081687F /* PBXTargetDependency */ = {
			isa = PBXTargetDependency;
			target = CEC3932B1EF9CC800081687F /* MyTank */;
			targetProxy = CEC3934C1EF9CC800081687F /* PBXContainerItemProxy */;
		};
/* End PBXTargetDependency section */

/* Begin PBXVariantGroup section */
		CEC2939F1F28CA900096C382 /* Main.storyboard */ = {
			isa = PBXVariantGroup;
			children = (
				CEC293A01F28CA900096C382 /* Base */,
			);
			name = Main.storyboard;
			sourceTree = "<group>";
		};
		CEC293A21F28CAA10096C382 /* LaunchScreen.storyboard */ = {
			isa = PBXVariantGroup;
			children = (
				CEC293A31F28CAA10096C382 /* Base */,
			);
			name = LaunchScreen.storyboard;
			sourceTree = "<group>";
		};
/* End PBXVariantGroup section */

/* Begin XCBuildConfiguration section */
		CEC393521EF9CC800081687F /* Debug */ = {
			isa = XCBuildConfiguration;
			buildSettings = {
				ALWAYS_SEARCH_USER_PATHS = NO;
				CLANG_ANALYZER_NONNULL = YES;
				CLANG_CXX_LANGUAGE_STANDARD = "gnu++0x";
				CLANG_CXX_LIBRARY = "libc++";
				CLANG_ENABLE_MODULES = YES;
				CLANG_ENABLE_OBJC_ARC = YES;
				CLANG_WARN_BOOL_CONVERSION = YES;
				CLANG_WARN_CONSTANT_CONVERSION = YES;
				CLANG_WARN_DIRECT_OBJC_ISA_USAGE = YES_ERROR;
				CLANG_WARN_DOCUMENTATION_COMMENTS = YES;
				CLANG_WARN_EMPTY_BODY = YES;
				CLANG_WARN_ENUM_CONVERSION = YES;
				CLANG_WARN_INFINITE_RECURSION = YES;
				CLANG_WARN_INT_CONVERSION = YES;
				CLANG_WARN_OBJC_ROOT_CLASS = YES_ERROR;
				CLANG_WARN_SUSPICIOUS_MOVE = YES;
				CLANG_WARN_UNREACHABLE_CODE = YES;
				CLANG_WARN__DUPLICATE_METHOD_MATCH = YES;
				"CODE_SIGN_IDENTITY[sdk=iphoneos*]" = "iPhone Developer";
				COPY_PHASE_STRIP = NO;
				DEBUG_INFORMATION_FORMAT = dwarf;
				ENABLE_STRICT_OBJC_MSGSEND = YES;
				ENABLE_TESTABILITY = YES;
				GCC_C_LANGUAGE_STANDARD = gnu99;
				GCC_DYNAMIC_NO_PIC = NO;
				GCC_NO_COMMON_BLOCKS = YES;
				GCC_OPTIMIZATION_LEVEL = 0;
				GCC_PREPROCESSOR_DEFINITIONS = (
					"DEBUG=1",
					"$(inherited)",
				);
				GCC_WARN_64_TO_32_BIT_CONVERSION = YES;
				GCC_WARN_ABOUT_RETURN_TYPE = YES_ERROR;
				GCC_WARN_UNDECLARED_SELECTOR = YES;
				GCC_WARN_UNINITIALIZED_AUTOS = YES_AGGRESSIVE;
				GCC_WARN_UNUSED_FUNCTION = YES;
				GCC_WARN_UNUSED_VARIABLE = YES;
				IPHONEOS_DEPLOYMENT_TARGET = 10.2;
				MTL_ENABLE_DEBUG_INFO = YES;
				ONLY_ACTIVE_ARCH = YES;
				SDKROOT = iphoneos;
				SWIFT_ACTIVE_COMPILATION_CONDITIONS = DEBUG;
				SWIFT_OPTIMIZATION_LEVEL = "-Onone";
			};
			name = Debug;
		};
		CEC393531EF9CC800081687F /* Release */ = {
			isa = XCBuildConfiguration;
			buildSettings = {
				ALWAYS_SEARCH_USER_PATHS = NO;
				CLANG_ANALYZER_NONNULL = YES;
				CLANG_CXX_LANGUAGE_STANDARD = "gnu++0x";
				CLANG_CXX_LIBRARY = "libc++";
				CLANG_ENABLE_MODULES = YES;
				CLANG_ENABLE_OBJC_ARC = YES;
				CLANG_WARN_BOOL_CONVERSION = YES;
				CLANG_WARN_CONSTANT_CONVERSION = YES;
				CLANG_WARN_DIRECT_OBJC_ISA_USAGE = YES_ERROR;
				CLANG_WARN_DOCUMENTATION_COMMENTS = YES;
				CLANG_WARN_EMPTY_BODY = YES;
				CLANG_WARN_ENUM_CONVERSION = YES;
				CLANG_WARN_INFINITE_RECURSION = YES;
				CLANG_WARN_INT_CONVERSION = YES;
				CLANG_WARN_OBJC_ROOT_CLASS = YES_ERROR;
				CLANG_WARN_SUSPICIOUS_MOVE = YES;
				CLANG_WARN_UNREACHABLE_CODE = YES;
				CLANG_WARN__DUPLICATE_METHOD_MATCH = YES;
				"CODE_SIGN_IDENTITY[sdk=iphoneos*]" = "iPhone Developer";
				COPY_PHASE_STRIP = NO;
				DEBUG_INFORMATION_FORMAT = "dwarf-with-dsym";
				ENABLE_NS_ASSERTIONS = NO;
				ENABLE_STRICT_OBJC_MSGSEND = YES;
				GCC_C_LANGUAGE_STANDARD = gnu99;
				GCC_NO_COMMON_BLOCKS = YES;
				GCC_WARN_64_TO_32_BIT_CONVERSION = YES;
				GCC_WARN_ABOUT_RETURN_TYPE = YES_ERROR;
				GCC_WARN_UNDECLARED_SELECTOR = YES;
				GCC_WARN_UNINITIALIZED_AUTOS = YES_AGGRESSIVE;
				GCC_WARN_UNUSED_FUNCTION = YES;
				GCC_WARN_UNUSED_VARIABLE = YES;
				IPHONEOS_DEPLOYMENT_TARGET = 10.2;
				MTL_ENABLE_DEBUG_INFO = NO;
				SDKROOT = iphoneos;
				SWIFT_OPTIMIZATION_LEVEL = "-Owholemodule";
				VALIDATE_PRODUCT = YES;
			};
			name = Release;
		};
		CEC393551EF9CC800081687F /* Debug */ = {
			isa = XCBuildConfiguration;
			baseConfigurationReference = 9D7CF002A5CD0BC78E4A6BE4 /* Pods-MyTank.debug.xcconfig */;
			buildSettings = {
				ASSETCATALOG_COMPILER_APPICON_NAME = AppIcon;
				BUNDLE_LOADER = "$(TEST_HOST)";
				ENABLE_TESTABILITY = YES;
				GCC_SYMBOLS_PRIVATE_EXTERN = NO;
				INFOPLIST_FILE = MyTank/Info.plist;
				LD_RUNPATH_SEARCH_PATHS = "$(inherited) @executable_path/Frameworks";
				ONLY_ACTIVE_ARCH = YES;
				PRODUCT_BUNDLE_IDENTIFIER = cpt224.MyTank;
				PRODUCT_NAME = "$(TARGET_NAME)";
				SWIFT_OBJC_BRIDGING_HEADER = "";
				SWIFT_VERSION = 3.0;
				VALID_ARCHS = "arm64 armv7 armv7s";
			};
			name = Debug;
		};
		CEC393561EF9CC800081687F /* Release */ = {
			isa = XCBuildConfiguration;
			baseConfigurationReference = 71C6A4588B4E634EF59BE9CF /* Pods-MyTank.release.xcconfig */;
			buildSettings = {
				ASSETCATALOG_COMPILER_APPICON_NAME = AppIcon;
				BUNDLE_LOADER = "$(TEST_HOST)";
				DEPLOYMENT_POSTPROCESSING = YES;
				ENABLE_TESTABILITY = YES;
				GCC_SYMBOLS_PRIVATE_EXTERN = NO;
				INFOPLIST_FILE = MyTank/Info.plist;
				LD_RUNPATH_SEARCH_PATHS = "$(inherited) @executable_path/Frameworks";
				ONLY_ACTIVE_ARCH = NO;
				PRODUCT_BUNDLE_IDENTIFIER = cpt224.MyTank;
				PRODUCT_NAME = "$(TARGET_NAME)";
				SWIFT_OBJC_BRIDGING_HEADER = "";
				SWIFT_VERSION = 3.0;
				VALID_ARCHS = "arm64 armv7 armv7s";
			};
			name = Release;
		};
		CEC393581EF9CC800081687F /* Debug */ = {
			isa = XCBuildConfiguration;
			buildSettings = {
				ALWAYS_EMBED_SWIFT_STANDARD_LIBRARIES = YES;
				BUNDLE_LOADER = "$(TEST_HOST)";
				INFOPLIST_FILE = "MyTank - PrototypeTests/Info.plist";
				LD_RUNPATH_SEARCH_PATHS = "$(inherited) @executable_path/Frameworks @loader_path/Frameworks";
				PRODUCT_BUNDLE_IDENTIFIER = "cpt224.MyTank---PrototypeTests";
				PRODUCT_NAME = "$(TARGET_NAME)";
				SWIFT_VERSION = 3.0;
				TEST_HOST = "$(BUILT_PRODUCTS_DIR)/MyTank.app/MyTank";
			};
			name = Debug;
		};
		CEC393591EF9CC800081687F /* Release */ = {
			isa = XCBuildConfiguration;
			buildSettings = {
				ALWAYS_EMBED_SWIFT_STANDARD_LIBRARIES = YES;
				BUNDLE_LOADER = "$(TEST_HOST)";
				INFOPLIST_FILE = "MyTank - PrototypeTests/Info.plist";
				LD_RUNPATH_SEARCH_PATHS = "$(inherited) @executable_path/Frameworks @loader_path/Frameworks";
				PRODUCT_BUNDLE_IDENTIFIER = "cpt224.MyTank---PrototypeTests";
				PRODUCT_NAME = "$(TARGET_NAME)";
				SWIFT_VERSION = 3.0;
				TEST_HOST = "$(BUILT_PRODUCTS_DIR)/MyTank.app/MyTank";
			};
			name = Release;
		};
		CEC3935B1EF9CC800081687F /* Debug */ = {
			isa = XCBuildConfiguration;
			buildSettings = {
				ALWAYS_EMBED_SWIFT_STANDARD_LIBRARIES = YES;
				INFOPLIST_FILE = "MyTank - PrototypeUITests/Info.plist";
				LD_RUNPATH_SEARCH_PATHS = "$(inherited) @executable_path/Frameworks @loader_path/Frameworks";
				PRODUCT_BUNDLE_IDENTIFIER = "cpt224.MyTank---PrototypeUITests";
				PRODUCT_NAME = "$(TARGET_NAME)";
				SWIFT_VERSION = 3.0;
				TEST_TARGET_NAME = "MyTank - Prototype";
			};
			name = Debug;
		};
		CEC3935C1EF9CC800081687F /* Release */ = {
			isa = XCBuildConfiguration;
			buildSettings = {
				ALWAYS_EMBED_SWIFT_STANDARD_LIBRARIES = YES;
				INFOPLIST_FILE = "MyTank - PrototypeUITests/Info.plist";
				LD_RUNPATH_SEARCH_PATHS = "$(inherited) @executable_path/Frameworks @loader_path/Frameworks";
				PRODUCT_BUNDLE_IDENTIFIER = "cpt224.MyTank---PrototypeUITests";
				PRODUCT_NAME = "$(TARGET_NAME)";
				SWIFT_VERSION = 3.0;
				TEST_TARGET_NAME = "MyTank - Prototype";
			};
			name = Release;
		};
/* End XCBuildConfiguration section */

/* Begin XCConfigurationList section */
		CEC393271EF9CC800081687F /* Build configuration list for PBXProject "MyTank" */ = {
			isa = XCConfigurationList;
			buildConfigurations = (
				CEC393521EF9CC800081687F /* Debug */,
				CEC393531EF9CC800081687F /* Release */,
			);
			defaultConfigurationIsVisible = 0;
			defaultConfigurationName = Release;
		};
		CEC393541EF9CC800081687F /* Build configuration list for PBXNativeTarget "MyTank" */ = {
			isa = XCConfigurationList;
			buildConfigurations = (
				CEC393551EF9CC800081687F /* Debug */,
				CEC393561EF9CC800081687F /* Release */,
			);
			defaultConfigurationIsVisible = 0;
			defaultConfigurationName = Release;
		};
		CEC393571EF9CC800081687F /* Build configuration list for PBXNativeTarget "MyTankTests" */ = {
			isa = XCConfigurationList;
			buildConfigurations = (
				CEC393581EF9CC800081687F /* Debug */,
				CEC393591EF9CC800081687F /* Release */,
			);
			defaultConfigurationIsVisible = 0;
			defaultConfigurationName = Release;
		};
		CEC3935A1EF9CC800081687F /* Build configuration list for PBXNativeTarget "MyTankUITests" */ = {
			isa = XCConfigurationList;
			buildConfigurations = (
				CEC3935B1EF9CC800081687F /* Debug */,
				CEC3935C1EF9CC800081687F /* Release */,
			);
			defaultConfigurationIsVisible = 0;
			defaultConfigurationName = Release;
		};
/* End XCConfigurationList section */

/* Begin XCVersionGroup section */
		CE32C66F1F30B8CB00459A0D /* Model.xcdatamodeld */ = {
			isa = XCVersionGroup;
			children = (
				CE32C6701F30B8CB00459A0D /* Model.xcdatamodel */,
			);
			currentVersion = CE32C6701F30B8CB00459A0D /* Model.xcdatamodel */;
			path = Model.xcdatamodeld;
			sourceTree = "<group>";
			versionGroupType = wrapper.xcdatamodel;
		};
/* End XCVersionGroup section */
	};
	rootObject = CEC393241EF9CC800081687F /* Project object */;
}
